[root]
name = "fluxcore"
version = "0.0.1"
dependencies = [
 "cgmath 0.0.1 (git+https://github.com/bjz/cgmath-rs.git#4a45bf3b53955a15fdd6ebc13f4c57741d6ad15a)",
 "csv 0.1.0 (git+https://github.com/BurntSushi/rust-csv.git#9b600ba0740aa85e7d1aaaa7dedbaf91c7a7f922)",
 "docopt 0.6.0 (git+https://github.com/docopt/docopt.rs.git#fc7ba2f1a5a351f7874257d880223d2ff5c75d36)",
 "docopt_macros 0.6.0 (git+https://github.com/docopt/docopt.rs.git#fc7ba2f1a5a351f7874257d880223d2ff5c75d36)",
 "gl 0.0.1 (git+https://github.com/bjz/gl-rs.git#1e5015c213472db00b98145d4dff9d2be9ed6502)",
 "glfw 0.0.1 (git+https://github.com/bjz/glfw-rs.git#e67b8c343fca0180fade23bf3f98413be8d2fecd)",
 "hgl 0.0.1 (git+https://github.com/cmr/hgl-rs.git#fff296885c8acb1a3e8581f7afd30bcd1d0cd48d)",
]

[[package]]
name = "cgmath"
version = "0.0.1"
source = "git+https://github.com/bjz/cgmath-rs.git#4a45bf3b53955a15fdd6ebc13f4c57741d6ad15a"

[[package]]
name = "csv"
version = "0.1.0"
source = "git+https://github.com/BurntSushi/rust-csv.git#9b600ba0740aa85e7d1aaaa7dedbaf91c7a7f922"

[[package]]
name = "docopt"
version = "0.6.0"
source = "git+https://github.com/BurntSushi/docopt.rs#fc7ba2f1a5a351f7874257d880223d2ff5c75d36"

[[package]]
name = "docopt"
version = "0.6.0"
source = "git+https://github.com/docopt/docopt.rs.git#fc7ba2f1a5a351f7874257d880223d2ff5c75d36"

[[package]]
name = "docopt_macros"
version = "0.6.0"
source = "git+https://github.com/docopt/docopt.rs.git#fc7ba2f1a5a351f7874257d880223d2ff5c75d36"
dependencies = [
 "docopt 0.6.0 (git+https://github.com/BurntSushi/docopt.rs#fc7ba2f1a5a351f7874257d880223d2ff5c75d36)",
]

[[package]]
name = "gl"
version = "0.0.1"
source = "git+https://github.com/bjz/gl-rs.git#1e5015c213472db00b98145d4dff9d2be9ed6502"
dependencies = [
 "gl_generator 0.0.1 (git+https://github.com/bjz/gl-rs.git#1e5015c213472db00b98145d4dff9d2be9ed6502)",
]

[[package]]
name = "gl_generator"
version = "0.0.1"
source = "git+https://github.com/bjz/gl-rs.git#1e5015c213472db00b98145d4dff9d2be9ed6502"
dependencies = [
 "khronos_api 0.0.1 (git+https://github.com/bjz/gl-rs.git#1e5015c213472db00b98145d4dff9d2be9ed6502)",
 "rust-xml 0.1.0 (git+https://github.com/netvl/rust-xml#a0874f1f685e8ba7235855c54997295cb0a4b68a)",
]

[[package]]
name = "glfw"
version = "0.0.1"
source = "git+https://github.com/bjz/glfw-rs.git#e67b8c343fca0180fade23bf3f98413be8d2fecd"
dependencies = [
 "link_glfw 0.1.0 (git+https://github.com/bjz/glfw-rs.git#e67b8c343fca0180fade23bf3f98413be8d2fecd)",
 "semver 0.0.1 (git+https://github.com/rust-lang/semver#c78b40d7fdf8acd99b503e6ce394fbcf9eb8982f)",
]

[[package]]
name = "hgl"
version = "0.0.1"
source = "git+https://github.com/cmr/hgl-rs.git#fff296885c8acb1a3e8581f7afd30bcd1d0cd48d"
dependencies = [
 "gl 0.0.1 (git+https://github.com/bjz/gl-rs.git#1e5015c213472db00b98145d4dff9d2be9ed6502)",
 "glfw 0.0.1 (git+https://github.com/bjz/glfw-rs.git#e67b8c343fca0180fade23bf3f98413be8d2fecd)",
]

[[package]]
name = "khronos_api"
version = "0.0.1"
source = "git+https://github.com/bjz/gl-rs.git#1e5015c213472db00b98145d4dff9d2be9ed6502"

[[package]]
name = "link_glfw"
version = "0.1.0"
source = "git+https://github.com/bjz/glfw-rs.git#e67b8c343fca0180fade23bf3f98413be8d2fecd"

[[package]]
name = "rust-xml"
version = "0.1.0"
source = "git+https://github.com/netvl/rust-xml#a0874f1f685e8ba7235855c54997295cb0a4b68a"

[[package]]
name = "semver"
version = "0.0.1"
source = "git+https://github.com/rust-lang/semver#c78b40d7fdf8acd99b503e6ce394fbcf9eb8982f"

